
Microsoft Visual Studio Solution File, Format Version 12.00
# Visual Studio Version 16
VisualStudioVersion = 16.0.30011.22
MinimumVisualStudioVersion = 10.0.40219.1
Project("{FAE04EC0-301F-11D3-BF4B-00C04F79EFBC}") = "Parking", "Parking\Parking.csproj", "{922F3060-5F45-46B4-BC89-456E5C54893E}"
EndProject
Project("{FAE04EC0-301F-11D3-BF4B-00C04F79EFBC}") = "ParkingTests", "ParkingTests\ParkingTests.csproj", "{FF68D53A-E1D9-4CF0-A93A-7688EC89D22D}"
EndProject
Global
	GlobalSection(SolutionConfigurationPlatforms) = preSolution
		Debug|Any CPU = Debug|Any CPU
		Release|Any CPU = Release|Any CPU
	EndGlobalSection
	GlobalSection(ProjectConfigurationPlatforms) = postSolution
		{922F3060-5F45-46B4-BC89-456E5C54893E}.Debug|Any CPU.ActiveCfg = Debug|Any CPU
		{922F3060-5F45-46B4-BC89-456E5C54893E}.Debug|Any CPU.Build.0 = Debug|Any CPU
		{922F3060-5F45-46B4-BC89-456E5C54893E}.Release|Any CPU.ActiveCfg = Release|Any CPU
		{922F3060-5F45-46B4-BC89-456E5C54893E}.Release|Any CPU.Build.0 = Release|Any CPU
		{FF68D53A-E1D9-4CF0-A93A-7688EC89D22D}.Debug|Any CPU.ActiveCfg = Debug|Any CPU
		{FF68D53A-E1D9-4CF0-A93A-7688EC89D22D}.Debug|Any CPU.Build.0 = Debug|Any CPU
		{FF68D53A-E1D9-4CF0-A93A-7688EC89D22D}.Release|Any CPU.ActiveCfg = Release|Any CPU
		{FF68D53A-E1D9-4CF0-A93A-7688EC89D22D}.Release|Any CPU.Build.0 = Release|Any CPU
	EndGlobalSection
	GlobalSection(SolutionProperties) = preSolution
		HideSolutionNode = FALSE
	EndGlobalSection
	GlobalSection(ExtensibilityGlobals) = postSolution
		SolutionGuid = {E341BD45-2FCD-4BBD-A4FD-3EDE1977C015}
	EndGlobalSection
EndGlobal
